
Microsoft Visual Studio Solution File, Format Version 12.00
# Visual Studio Version 17
VisualStudioVersion = 17.11.35222.181
MinimumVisualStudioVersion = 10.0.40219.1
Project("{FAE04EC0-301F-11D3-BF4B-00C04F79EFBC}") = "CinemaReservationApp", "CinemaReservationApp.csproj", "{D7764E10-4A30-4B83-93A0-375BA8B70553}"
EndProject
Global
	GlobalSection(SolutionConfigurationPlatforms) = preSolution
		Debug|Any CPU = Debug|Any CPU
		Release|Any CPU = Release|Any CPU
	EndGlobalSection
	GlobalSection(ProjectConfigurationPlatforms) = postSolution
		{D7764E10-4A30-4B83-93A0-375BA8B70553}.Debug|Any CPU.ActiveCfg = Debug|Any CPU
		{D7764E10-4A30-4B83-93A0-375BA8B70553}.Debug|Any CPU.Build.0 = Debug|Any CPU
		{D7764E10-4A30-4B83-93A0-375BA8B70553}.Release|Any CPU.ActiveCfg = Release|Any CPU
		{D7764E10-4A30-4B83-93A0-375BA8B70553}.Release|Any CPU.Build.0 = Release|Any CPU
	EndGlobalSection
	GlobalSection(SolutionProperties) = preSolution
		HideSolutionNode = FALSE
	EndGlobalSection
	GlobalSection(ExtensibilityGlobals) = postSolution
		SolutionGuid = {DA8FD6E7-83CF-485B-96D9-A2E2739E7D27}
	EndGlobalSection
EndGlobal
